
Microsoft Visual Studio Solution File, Format Version 12.00
# Visual Studio Version 17
VisualStudioVersion = 17.12.35521.163 d17.12
MinimumVisualStudioVersion = 10.0.40219.1
Project("{FAE04EC0-301F-11D3-BF4B-00C04F79EFBC}") = "addloads", "addloads.csproj", "{ADD20958-8550-41E8-949A-D72E3A02DC42}"
EndProject
Global
	GlobalSection(SolutionConfigurationPlatforms) = preSolution
		Debug R20|Any CPU = Debug R20|Any CPU
		Debug R21|Any CPU = Debug R21|Any CPU
		Debug R22|Any CPU = Debug R22|Any CPU
		Debug R23|Any CPU = Debug R23|Any CPU
		Debug R24|Any CPU = Debug R24|Any CPU
		Debug R25|Any CPU = Debug R25|Any CPU
		Release R20|Any CPU = Release R20|Any CPU
		Release R21|Any CPU = Release R21|Any CPU
		Release R22|Any CPU = Release R22|Any CPU
		Release R23|Any CPU = Release R23|Any CPU
		Release R24|Any CPU = Release R24|Any CPU
		Release R25|Any CPU = Release R25|Any CPU
	EndGlobalSection
	GlobalSection(ProjectConfigurationPlatforms) = postSolution
		{ADD20958-8550-41E8-949A-D72E3A02DC42}.Debug R20|Any CPU.ActiveCfg = Debug R20|Any CPU
		{ADD20958-8550-41E8-949A-D72E3A02DC42}.Debug R20|Any CPU.Build.0 = Debug R20|Any CPU
		{ADD20958-8550-41E8-949A-D72E3A02DC42}.Debug R21|Any CPU.ActiveCfg = Debug R21|Any CPU
		{ADD20958-8550-41E8-949A-D72E3A02DC42}.Debug R21|Any CPU.Build.0 = Debug R21|Any CPU
		{ADD20958-8550-41E8-949A-D72E3A02DC42}.Debug R22|Any CPU.ActiveCfg = Debug R22|Any CPU
		{ADD20958-8550-41E8-949A-D72E3A02DC42}.Debug R22|Any CPU.Build.0 = Debug R22|Any CPU
		{ADD20958-8550-41E8-949A-D72E3A02DC42}.Debug R23|Any CPU.ActiveCfg = Debug R23|Any CPU
		{ADD20958-8550-41E8-949A-D72E3A02DC42}.Debug R23|Any CPU.Build.0 = Debug R23|Any CPU
		{ADD20958-8550-41E8-949A-D72E3A02DC42}.Debug R24|Any CPU.ActiveCfg = Debug R24|Any CPU
		{ADD20958-8550-41E8-949A-D72E3A02DC42}.Debug R24|Any CPU.Build.0 = Debug R24|Any CPU
		{ADD20958-8550-41E8-949A-D72E3A02DC42}.Debug R25|Any CPU.ActiveCfg = Debug R25|Any CPU
		{ADD20958-8550-41E8-949A-D72E3A02DC42}.Debug R25|Any CPU.Build.0 = Debug R25|Any CPU
		{ADD20958-8550-41E8-949A-D72E3A02DC42}.Release R20|Any CPU.ActiveCfg = Release R20|Any CPU
		{ADD20958-8550-41E8-949A-D72E3A02DC42}.Release R20|Any CPU.Build.0 = Release R20|Any CPU
		{ADD20958-8550-41E8-949A-D72E3A02DC42}.Release R21|Any CPU.ActiveCfg = Release R21|Any CPU
		{ADD20958-8550-41E8-949A-D72E3A02DC42}.Release R21|Any CPU.Build.0 = Release R21|Any CPU
		{ADD20958-8550-41E8-949A-D72E3A02DC42}.Release R22|Any CPU.ActiveCfg = Release R22|Any CPU
		{ADD20958-8550-41E8-949A-D72E3A02DC42}.Release R22|Any CPU.Build.0 = Release R22|Any CPU
		{ADD20958-8550-41E8-949A-D72E3A02DC42}.Release R23|Any CPU.ActiveCfg = Release R23|Any CPU
		{ADD20958-8550-41E8-949A-D72E3A02DC42}.Release R23|Any CPU.Build.0 = Release R23|Any CPU
		{ADD20958-8550-41E8-949A-D72E3A02DC42}.Release R24|Any CPU.ActiveCfg = Release R24|Any CPU
		{ADD20958-8550-41E8-949A-D72E3A02DC42}.Release R24|Any CPU.Build.0 = Release R24|Any CPU
		{ADD20958-8550-41E8-949A-D72E3A02DC42}.Release R25|Any CPU.ActiveCfg = Release R25|Any CPU
		{ADD20958-8550-41E8-949A-D72E3A02DC42}.Release R25|Any CPU.Build.0 = Release R25|Any CPU
	EndGlobalSection
	GlobalSection(SolutionProperties) = preSolution
		HideSolutionNode = FALSE
	EndGlobalSection
EndGlobal
